
Microsoft Visual Studio Solution File, Format Version 12.00
# Visual Studio Version 16
VisualStudioVersion = 16.0.31402.337
MinimumVisualStudioVersion = 10.0.40219.1
Project("{2150E333-8FDC-42A3-9474-1A3956D46DE8}") = "Modul001_SprachFeatures", "Modul001_SprachFeatures", "{58ACC2AD-724D-486F-BDA5-B17C5B4701A7}"
EndProject
Project("{2150E333-8FDC-42A3-9474-1A3956D46DE8}") = "70", "70", "{70D2E3F2-6C6B-4BBB-A80D-C421765D31CE}"
EndProject
Project("{FAE04EC0-301F-11D3-BF4B-00C04F79EFBC}") = "SharpVersion70", "SharpVersion70\SharpVersion70.csproj", "{469BA550-4F7E-4589-A6F5-D4ED6AA35FD7}"
EndProject
Project("{2150E333-8FDC-42A3-9474-1A3956D46DE8}") = "72", "72", "{15729B3E-67F1-4BA4-9DB3-B5858285AA54}"
EndProject
Project("{FAE04EC0-301F-11D3-BF4B-00C04F79EFBC}") = "SharpVersion72", "SharpVersion72\SharpVersion72.csproj", "{BC54D918-0639-4A8D-B041-8D74FD963037}"
EndProject
Project("{2150E333-8FDC-42A3-9474-1A3956D46DE8}") = "73", "73", "{6BFC2884-099E-48C0-B5CE-06A8792373EC}"
EndProject
Project("{FAE04EC0-301F-11D3-BF4B-00C04F79EFBC}") = "SharpVersion73", "SharpVersion73\SharpVersion73.csproj", "{69F356B0-9E9F-4974-9727-B61D11C44A09}"
EndProject
Project("{2150E333-8FDC-42A3-9474-1A3956D46DE8}") = "80", "80", "{5517A99E-B184-4A76-8276-9487C948C9D5}"
EndProject
Project("{FAE04EC0-301F-11D3-BF4B-00C04F79EFBC}") = "SharpVersion80", "SharpVersion80\SharpVersion80.csproj", "{D89428BA-2F33-4490-BE3E-F358FA9F08E4}"
EndProject
Global
	GlobalSection(SolutionConfigurationPlatforms) = preSolution
		Debug|Any CPU = Debug|Any CPU
		Release|Any CPU = Release|Any CPU
	EndGlobalSection
	GlobalSection(ProjectConfigurationPlatforms) = postSolution
		{469BA550-4F7E-4589-A6F5-D4ED6AA35FD7}.Debug|Any CPU.ActiveCfg = Debug|Any CPU
		{469BA550-4F7E-4589-A6F5-D4ED6AA35FD7}.Debug|Any CPU.Build.0 = Debug|Any CPU
		{469BA550-4F7E-4589-A6F5-D4ED6AA35FD7}.Release|Any CPU.ActiveCfg = Release|Any CPU
		{469BA550-4F7E-4589-A6F5-D4ED6AA35FD7}.Release|Any CPU.Build.0 = Release|Any CPU
		{BC54D918-0639-4A8D-B041-8D74FD963037}.Debug|Any CPU.ActiveCfg = Debug|Any CPU
		{BC54D918-0639-4A8D-B041-8D74FD963037}.Debug|Any CPU.Build.0 = Debug|Any CPU
		{BC54D918-0639-4A8D-B041-8D74FD963037}.Release|Any CPU.ActiveCfg = Release|Any CPU
		{BC54D918-0639-4A8D-B041-8D74FD963037}.Release|Any CPU.Build.0 = Release|Any CPU
		{69F356B0-9E9F-4974-9727-B61D11C44A09}.Debug|Any CPU.ActiveCfg = Debug|Any CPU
		{69F356B0-9E9F-4974-9727-B61D11C44A09}.Debug|Any CPU.Build.0 = Debug|Any CPU
		{69F356B0-9E9F-4974-9727-B61D11C44A09}.Release|Any CPU.ActiveCfg = Release|Any CPU
		{69F356B0-9E9F-4974-9727-B61D11C44A09}.Release|Any CPU.Build.0 = Release|Any CPU
		{D89428BA-2F33-4490-BE3E-F358FA9F08E4}.Debug|Any CPU.ActiveCfg = Debug|Any CPU
		{D89428BA-2F33-4490-BE3E-F358FA9F08E4}.Debug|Any CPU.Build.0 = Debug|Any CPU
		{D89428BA-2F33-4490-BE3E-F358FA9F08E4}.Release|Any CPU.ActiveCfg = Release|Any CPU
		{D89428BA-2F33-4490-BE3E-F358FA9F08E4}.Release|Any CPU.Build.0 = Release|Any CPU
	EndGlobalSection
	GlobalSection(SolutionProperties) = preSolution
		HideSolutionNode = FALSE
	EndGlobalSection
	GlobalSection(NestedProjects) = preSolution
		{70D2E3F2-6C6B-4BBB-A80D-C421765D31CE} = {58ACC2AD-724D-486F-BDA5-B17C5B4701A7}
		{469BA550-4F7E-4589-A6F5-D4ED6AA35FD7} = {70D2E3F2-6C6B-4BBB-A80D-C421765D31CE}
		{15729B3E-67F1-4BA4-9DB3-B5858285AA54} = {58ACC2AD-724D-486F-BDA5-B17C5B4701A7}
		{BC54D918-0639-4A8D-B041-8D74FD963037} = {15729B3E-67F1-4BA4-9DB3-B5858285AA54}
		{6BFC2884-099E-48C0-B5CE-06A8792373EC} = {58ACC2AD-724D-486F-BDA5-B17C5B4701A7}
		{69F356B0-9E9F-4974-9727-B61D11C44A09} = {6BFC2884-099E-48C0-B5CE-06A8792373EC}
		{5517A99E-B184-4A76-8276-9487C948C9D5} = {58ACC2AD-724D-486F-BDA5-B17C5B4701A7}
		{D89428BA-2F33-4490-BE3E-F358FA9F08E4} = {5517A99E-B184-4A76-8276-9487C948C9D5}
	EndGlobalSection
	GlobalSection(ExtensibilityGlobals) = postSolution
		SolutionGuid = {1BE602E6-023A-44F6-886E-0F1C9C319C4C}
	EndGlobalSection
EndGlobal
