
Microsoft Visual Studio Solution File, Format Version 12.00
# Visual Studio Version 16
VisualStudioVersion = 16.0.31402.337
MinimumVisualStudioVersion = 10.0.40219.1
Project("{2150E333-8FDC-42A3-9474-1A3956D46DE8}") = "Modul001_SprachFeatures", "Modul001_SprachFeatures", "{58ACC2AD-724D-486F-BDA5-B17C5B4701A7}"
EndProject
Project("{2150E333-8FDC-42A3-9474-1A3956D46DE8}") = "70", "70", "{70D2E3F2-6C6B-4BBB-A80D-C421765D31CE}"
EndProject
Project("{FAE04EC0-301F-11D3-BF4B-00C04F79EFBC}") = "SharpVersion70", "SharpVersion70\SharpVersion70.csproj", "{469BA550-4F7E-4589-A6F5-D4ED6AA35FD7}"
EndProject
Project("{2150E333-8FDC-42A3-9474-1A3956D46DE8}") = "72", "72", "{15729B3E-67F1-4BA4-9DB3-B5858285AA54}"
EndProject
Project("{FAE04EC0-301F-11D3-BF4B-00C04F79EFBC}") = "SharpVersion72", "SharpVersion72\SharpVersion72.csproj", "{BC54D918-0639-4A8D-B041-8D74FD963037}"
EndProject
Project("{2150E333-8FDC-42A3-9474-1A3956D46DE8}") = "73", "73", "{6BFC2884-099E-48C0-B5CE-06A8792373EC}"
EndProject
Project("{FAE04EC0-301F-11D3-BF4B-00C04F79EFBC}") = "SharpVersion73", "SharpVersion73\SharpVersion73.csproj", "{69F356B0-9E9F-4974-9727-B61D11C44A09}"
EndProject
Project("{2150E333-8FDC-42A3-9474-1A3956D46DE8}") = "80", "80", "{5517A99E-B184-4A76-8276-9487C948C9D5}"
EndProject
Project("{FAE04EC0-301F-11D3-BF4B-00C04F79EFBC}") = "SharpVersion80", "SharpVersion80\SharpVersion80.csproj", "{D89428BA-2F33-4490-BE3E-F358FA9F08E4}"
EndProject
Project("{2150E333-8FDC-42A3-9474-1A3956D46DE8}") = "90", "90", "{667A6DD9-2FC8-45A0-B53A-4AED77DFF505}"
EndProject
Project("{FAE04EC0-301F-11D3-BF4B-00C04F79EFBC}") = "SharpVersion90", "SharpVersion90\SharpVersion90.csproj", "{034F09F8-415C-4AE6-8ADB-B3895FF0A943}"
EndProject
Project("{2150E333-8FDC-42A3-9474-1A3956D46DE8}") = "Solution Items", "Solution Items", "{4B577ADF-3F27-4FBA-A5D4-2BD51175CB29}"
	ProjectSection(SolutionItems) = preProject
		Agenda.md = Agenda.md
		KnowledgeText.txt = KnowledgeText.txt
	EndProjectSection
EndProject
Project("{2150E333-8FDC-42A3-9474-1A3956D46DE8}") = "Modul002_Solid", "Modul002_Solid", "{3C61D3FF-BFC5-4156-A7FE-DEB75F709925}"
EndProject
Project("{2150E333-8FDC-42A3-9474-1A3956D46DE8}") = "SingleResponsibility_Princip", "SingleResponsibility_Princip", "{71C67C6A-3AD4-418D-A77B-647FAD7FD79F}"
EndProject
Project("{FAE04EC0-301F-11D3-BF4B-00C04F79EFBC}") = "SingleResponsibiliySample", "SingleResponsibiliySample\SingleResponsibiliySample.csproj", "{2FB18707-46F8-4B4C-8926-22B9B5B93A2A}"
EndProject
Project("{2150E333-8FDC-42A3-9474-1A3956D46DE8}") = "OpenClose_Princip", "OpenClose_Princip", "{62587904-865C-4022-827F-F9DC25A97361}"
EndProject
Project("{FAE04EC0-301F-11D3-BF4B-00C04F79EFBC}") = "OpenClosePrincipSample", "OpenClosePrincipSample\OpenClosePrincipSample.csproj", "{7D51F3EE-D37C-42F2-A495-9D71156317AB}"
EndProject
Project("{2150E333-8FDC-42A3-9474-1A3956D46DE8}") = "Liskov_Substitiation_Princip_LSP", "Liskov_Substitiation_Princip_LSP", "{E444EEBB-8305-4E8E-84F2-62D09098F5A5}"
EndProject
Project("{FAE04EC0-301F-11D3-BF4B-00C04F79EFBC}") = "LiskovSample", "LiskovSample\LiskovSample.csproj", "{0E8E9F49-10B4-4F2F-85AB-DA491591DA8D}"
EndProject
Project("{2150E333-8FDC-42A3-9474-1A3956D46DE8}") = "Dependency_Injection", "Dependency_Injection", "{CD9774AF-E576-41BA-A1C2-4F4A8EB1D686}"
EndProject
Project("{FAE04EC0-301F-11D3-BF4B-00C04F79EFBC}") = "Dependency_Injection", "Dependency_Injection\Dependency_Injection.csproj", "{A59E85B9-21B2-4715-BF47-BEDCE220D91F}"
EndProject
Project("{FAE04EC0-301F-11D3-BF4B-00C04F79EFBC}") = "Interface_segregation_principle_ISP", "Interface_segregation_principle_ISP\Interface_segregation_principle_ISP.csproj", "{9C756C07-C79C-488A-9EEA-E8FB189AACDE}"
EndProject
Project("{2150E333-8FDC-42A3-9474-1A3956D46DE8}") = "BenchmarkTests", "BenchmarkTests", "{34E7D2CB-C722-491D-AA8D-0706828D92B4}"
EndProject
Project("{FAE04EC0-301F-11D3-BF4B-00C04F79EFBC}") = "StringBuilderBenchmarkDemo", "StringBuilderBenchmarkDemo\StringBuilderBenchmarkDemo.csproj", "{18F40921-7E80-4214-ADC9-7586B4C07D24}"
EndProject
Project("{2150E333-8FDC-42A3-9474-1A3956D46DE8}") = "Modul003_DelegatesEventsFuncAction", "Modul003_DelegatesEventsFuncAction", "{BA2F0073-3A20-47DB-95F1-C31A113A8E34}"
EndProject
Project("{FAE04EC0-301F-11D3-BF4B-00C04F79EFBC}") = "DelegatesActionsFuncsSamples", "DelegatesActionsFuncsSamples\DelegatesActionsFuncsSamples.csproj", "{26A9BBC7-BEDA-43A1-89EB-1C5EBCF9B0B6}"
EndProject
Project("{FAE04EC0-301F-11D3-BF4B-00C04F79EFBC}") = "Delegates_mit_Callback", "Delegates_mit_Callback\Delegates_mit_Callback.csproj", "{68EFB60B-F7C2-4520-8F71-C2ED0A18AAE4}"
EndProject
Project("{FAE04EC0-301F-11D3-BF4B-00C04F79EFBC}") = "EventAndEventHandler", "EventAndEventHandler\EventAndEventHandler.csproj", "{622CDBF8-4D99-4D74-8917-DF5619290663}"
EndProject
Global
	GlobalSection(SolutionConfigurationPlatforms) = preSolution
		Debug|Any CPU = Debug|Any CPU
		Release|Any CPU = Release|Any CPU
	EndGlobalSection
	GlobalSection(ProjectConfigurationPlatforms) = postSolution
		{469BA550-4F7E-4589-A6F5-D4ED6AA35FD7}.Debug|Any CPU.ActiveCfg = Debug|Any CPU
		{469BA550-4F7E-4589-A6F5-D4ED6AA35FD7}.Debug|Any CPU.Build.0 = Debug|Any CPU
		{469BA550-4F7E-4589-A6F5-D4ED6AA35FD7}.Release|Any CPU.ActiveCfg = Release|Any CPU
		{469BA550-4F7E-4589-A6F5-D4ED6AA35FD7}.Release|Any CPU.Build.0 = Release|Any CPU
		{BC54D918-0639-4A8D-B041-8D74FD963037}.Debug|Any CPU.ActiveCfg = Debug|Any CPU
		{BC54D918-0639-4A8D-B041-8D74FD963037}.Debug|Any CPU.Build.0 = Debug|Any CPU
		{BC54D918-0639-4A8D-B041-8D74FD963037}.Release|Any CPU.ActiveCfg = Release|Any CPU
		{BC54D918-0639-4A8D-B041-8D74FD963037}.Release|Any CPU.Build.0 = Release|Any CPU
		{69F356B0-9E9F-4974-9727-B61D11C44A09}.Debug|Any CPU.ActiveCfg = Debug|Any CPU
		{69F356B0-9E9F-4974-9727-B61D11C44A09}.Debug|Any CPU.Build.0 = Debug|Any CPU
		{69F356B0-9E9F-4974-9727-B61D11C44A09}.Release|Any CPU.ActiveCfg = Release|Any CPU
		{69F356B0-9E9F-4974-9727-B61D11C44A09}.Release|Any CPU.Build.0 = Release|Any CPU
		{D89428BA-2F33-4490-BE3E-F358FA9F08E4}.Debug|Any CPU.ActiveCfg = Debug|Any CPU
		{D89428BA-2F33-4490-BE3E-F358FA9F08E4}.Debug|Any CPU.Build.0 = Debug|Any CPU
		{D89428BA-2F33-4490-BE3E-F358FA9F08E4}.Release|Any CPU.ActiveCfg = Release|Any CPU
		{D89428BA-2F33-4490-BE3E-F358FA9F08E4}.Release|Any CPU.Build.0 = Release|Any CPU
		{034F09F8-415C-4AE6-8ADB-B3895FF0A943}.Debug|Any CPU.ActiveCfg = Debug|Any CPU
		{034F09F8-415C-4AE6-8ADB-B3895FF0A943}.Debug|Any CPU.Build.0 = Debug|Any CPU
		{034F09F8-415C-4AE6-8ADB-B3895FF0A943}.Release|Any CPU.ActiveCfg = Release|Any CPU
		{034F09F8-415C-4AE6-8ADB-B3895FF0A943}.Release|Any CPU.Build.0 = Release|Any CPU
		{2FB18707-46F8-4B4C-8926-22B9B5B93A2A}.Debug|Any CPU.ActiveCfg = Debug|Any CPU
		{2FB18707-46F8-4B4C-8926-22B9B5B93A2A}.Debug|Any CPU.Build.0 = Debug|Any CPU
		{2FB18707-46F8-4B4C-8926-22B9B5B93A2A}.Release|Any CPU.ActiveCfg = Release|Any CPU
		{2FB18707-46F8-4B4C-8926-22B9B5B93A2A}.Release|Any CPU.Build.0 = Release|Any CPU
		{7D51F3EE-D37C-42F2-A495-9D71156317AB}.Debug|Any CPU.ActiveCfg = Debug|Any CPU
		{7D51F3EE-D37C-42F2-A495-9D71156317AB}.Debug|Any CPU.Build.0 = Debug|Any CPU
		{7D51F3EE-D37C-42F2-A495-9D71156317AB}.Release|Any CPU.ActiveCfg = Release|Any CPU
		{7D51F3EE-D37C-42F2-A495-9D71156317AB}.Release|Any CPU.Build.0 = Release|Any CPU
		{0E8E9F49-10B4-4F2F-85AB-DA491591DA8D}.Debug|Any CPU.ActiveCfg = Debug|Any CPU
		{0E8E9F49-10B4-4F2F-85AB-DA491591DA8D}.Debug|Any CPU.Build.0 = Debug|Any CPU
		{0E8E9F49-10B4-4F2F-85AB-DA491591DA8D}.Release|Any CPU.ActiveCfg = Release|Any CPU
		{0E8E9F49-10B4-4F2F-85AB-DA491591DA8D}.Release|Any CPU.Build.0 = Release|Any CPU
		{A59E85B9-21B2-4715-BF47-BEDCE220D91F}.Debug|Any CPU.ActiveCfg = Debug|Any CPU
		{A59E85B9-21B2-4715-BF47-BEDCE220D91F}.Debug|Any CPU.Build.0 = Debug|Any CPU
		{A59E85B9-21B2-4715-BF47-BEDCE220D91F}.Release|Any CPU.ActiveCfg = Release|Any CPU
		{A59E85B9-21B2-4715-BF47-BEDCE220D91F}.Release|Any CPU.Build.0 = Release|Any CPU
		{9C756C07-C79C-488A-9EEA-E8FB189AACDE}.Debug|Any CPU.ActiveCfg = Debug|Any CPU
		{9C756C07-C79C-488A-9EEA-E8FB189AACDE}.Debug|Any CPU.Build.0 = Debug|Any CPU
		{9C756C07-C79C-488A-9EEA-E8FB189AACDE}.Release|Any CPU.ActiveCfg = Release|Any CPU
		{9C756C07-C79C-488A-9EEA-E8FB189AACDE}.Release|Any CPU.Build.0 = Release|Any CPU
		{18F40921-7E80-4214-ADC9-7586B4C07D24}.Debug|Any CPU.ActiveCfg = Debug|Any CPU
		{18F40921-7E80-4214-ADC9-7586B4C07D24}.Debug|Any CPU.Build.0 = Debug|Any CPU
		{18F40921-7E80-4214-ADC9-7586B4C07D24}.Release|Any CPU.ActiveCfg = Release|Any CPU
		{18F40921-7E80-4214-ADC9-7586B4C07D24}.Release|Any CPU.Build.0 = Release|Any CPU
		{26A9BBC7-BEDA-43A1-89EB-1C5EBCF9B0B6}.Debug|Any CPU.ActiveCfg = Debug|Any CPU
		{26A9BBC7-BEDA-43A1-89EB-1C5EBCF9B0B6}.Debug|Any CPU.Build.0 = Debug|Any CPU
		{26A9BBC7-BEDA-43A1-89EB-1C5EBCF9B0B6}.Release|Any CPU.ActiveCfg = Release|Any CPU
		{26A9BBC7-BEDA-43A1-89EB-1C5EBCF9B0B6}.Release|Any CPU.Build.0 = Release|Any CPU
		{68EFB60B-F7C2-4520-8F71-C2ED0A18AAE4}.Debug|Any CPU.ActiveCfg = Debug|Any CPU
		{68EFB60B-F7C2-4520-8F71-C2ED0A18AAE4}.Debug|Any CPU.Build.0 = Debug|Any CPU
		{68EFB60B-F7C2-4520-8F71-C2ED0A18AAE4}.Release|Any CPU.ActiveCfg = Release|Any CPU
		{68EFB60B-F7C2-4520-8F71-C2ED0A18AAE4}.Release|Any CPU.Build.0 = Release|Any CPU
		{622CDBF8-4D99-4D74-8917-DF5619290663}.Debug|Any CPU.ActiveCfg = Debug|Any CPU
		{622CDBF8-4D99-4D74-8917-DF5619290663}.Debug|Any CPU.Build.0 = Debug|Any CPU
		{622CDBF8-4D99-4D74-8917-DF5619290663}.Release|Any CPU.ActiveCfg = Release|Any CPU
		{622CDBF8-4D99-4D74-8917-DF5619290663}.Release|Any CPU.Build.0 = Release|Any CPU
	EndGlobalSection
	GlobalSection(SolutionProperties) = preSolution
		HideSolutionNode = FALSE
	EndGlobalSection
	GlobalSection(NestedProjects) = preSolution
		{70D2E3F2-6C6B-4BBB-A80D-C421765D31CE} = {58ACC2AD-724D-486F-BDA5-B17C5B4701A7}
		{469BA550-4F7E-4589-A6F5-D4ED6AA35FD7} = {70D2E3F2-6C6B-4BBB-A80D-C421765D31CE}
		{15729B3E-67F1-4BA4-9DB3-B5858285AA54} = {58ACC2AD-724D-486F-BDA5-B17C5B4701A7}
		{BC54D918-0639-4A8D-B041-8D74FD963037} = {15729B3E-67F1-4BA4-9DB3-B5858285AA54}
		{6BFC2884-099E-48C0-B5CE-06A8792373EC} = {58ACC2AD-724D-486F-BDA5-B17C5B4701A7}
		{69F356B0-9E9F-4974-9727-B61D11C44A09} = {6BFC2884-099E-48C0-B5CE-06A8792373EC}
		{5517A99E-B184-4A76-8276-9487C948C9D5} = {58ACC2AD-724D-486F-BDA5-B17C5B4701A7}
		{D89428BA-2F33-4490-BE3E-F358FA9F08E4} = {5517A99E-B184-4A76-8276-9487C948C9D5}
		{667A6DD9-2FC8-45A0-B53A-4AED77DFF505} = {58ACC2AD-724D-486F-BDA5-B17C5B4701A7}
		{034F09F8-415C-4AE6-8ADB-B3895FF0A943} = {667A6DD9-2FC8-45A0-B53A-4AED77DFF505}
		{71C67C6A-3AD4-418D-A77B-647FAD7FD79F} = {3C61D3FF-BFC5-4156-A7FE-DEB75F709925}
		{2FB18707-46F8-4B4C-8926-22B9B5B93A2A} = {71C67C6A-3AD4-418D-A77B-647FAD7FD79F}
		{62587904-865C-4022-827F-F9DC25A97361} = {3C61D3FF-BFC5-4156-A7FE-DEB75F709925}
		{7D51F3EE-D37C-42F2-A495-9D71156317AB} = {62587904-865C-4022-827F-F9DC25A97361}
		{E444EEBB-8305-4E8E-84F2-62D09098F5A5} = {3C61D3FF-BFC5-4156-A7FE-DEB75F709925}
		{0E8E9F49-10B4-4F2F-85AB-DA491591DA8D} = {E444EEBB-8305-4E8E-84F2-62D09098F5A5}
		{CD9774AF-E576-41BA-A1C2-4F4A8EB1D686} = {3C61D3FF-BFC5-4156-A7FE-DEB75F709925}
		{A59E85B9-21B2-4715-BF47-BEDCE220D91F} = {CD9774AF-E576-41BA-A1C2-4F4A8EB1D686}
		{9C756C07-C79C-488A-9EEA-E8FB189AACDE} = {3C61D3FF-BFC5-4156-A7FE-DEB75F709925}
		{18F40921-7E80-4214-ADC9-7586B4C07D24} = {34E7D2CB-C722-491D-AA8D-0706828D92B4}
		{26A9BBC7-BEDA-43A1-89EB-1C5EBCF9B0B6} = {BA2F0073-3A20-47DB-95F1-C31A113A8E34}
		{68EFB60B-F7C2-4520-8F71-C2ED0A18AAE4} = {BA2F0073-3A20-47DB-95F1-C31A113A8E34}
		{622CDBF8-4D99-4D74-8917-DF5619290663} = {BA2F0073-3A20-47DB-95F1-C31A113A8E34}
	EndGlobalSection
	GlobalSection(ExtensibilityGlobals) = postSolution
		SolutionGuid = {1BE602E6-023A-44F6-886E-0F1C9C319C4C}
	EndGlobalSection
EndGlobal
